
Microsoft Visual Studio Solution File, Format Version 12.00
# Visual Studio Version 17
VisualStudioVersion = 17.2.32616.157
MinimumVisualStudioVersion = 10.0.40219.1
Project("{FAE04EC0-301F-11D3-BF4B-00C04F79EFBC}") = "IntroMVC", "IntroMVC\IntroMVC.csproj", "{CEA2D8D7-9A2B-47BF-ACDB-FB4A205D37C8}"
EndProject
Global
	GlobalSection(SolutionConfigurationPlatforms) = preSolution
		Debug|Any CPU = Debug|Any CPU
		Release|Any CPU = Release|Any CPU
	EndGlobalSection
	GlobalSection(ProjectConfigurationPlatforms) = postSolution
		{CEA2D8D7-9A2B-47BF-ACDB-FB4A205D37C8}.Debug|Any CPU.ActiveCfg = Debug|Any CPU
		{CEA2D8D7-9A2B-47BF-ACDB-FB4A205D37C8}.Debug|Any CPU.Build.0 = Debug|Any CPU
		{CEA2D8D7-9A2B-47BF-ACDB-FB4A205D37C8}.Release|Any CPU.ActiveCfg = Release|Any CPU
		{CEA2D8D7-9A2B-47BF-ACDB-FB4A205D37C8}.Release|Any CPU.Build.0 = Release|Any CPU
	EndGlobalSection
	GlobalSection(SolutionProperties) = preSolution
		HideSolutionNode = FALSE
	EndGlobalSection
	GlobalSection(ExtensibilityGlobals) = postSolution
		SolutionGuid = {43353918-A2F2-48CC-8E3B-E66AA802FFCE}
	EndGlobalSection
EndGlobal
