
Microsoft Visual Studio Solution File, Format Version 12.00
# Visual Studio Version 17
VisualStudioVersion = 17.2.32616.157
MinimumVisualStudioVersion = 10.0.40219.1
Project("{FAE04EC0-301F-11D3-BF4B-00C04F79EFBC}") = "PMSDemo", "PMSDemo\PMSDemo.csproj", "{F1816A4D-44D3-4627-84C6-119077E4EFAF}"
EndProject
Global
	GlobalSection(SolutionConfigurationPlatforms) = preSolution
		Debug|Any CPU = Debug|Any CPU
		Release|Any CPU = Release|Any CPU
	EndGlobalSection
	GlobalSection(ProjectConfigurationPlatforms) = postSolution
		{F1816A4D-44D3-4627-84C6-119077E4EFAF}.Debug|Any CPU.ActiveCfg = Debug|Any CPU
		{F1816A4D-44D3-4627-84C6-119077E4EFAF}.Debug|Any CPU.Build.0 = Debug|Any CPU
		{F1816A4D-44D3-4627-84C6-119077E4EFAF}.Release|Any CPU.ActiveCfg = Release|Any CPU
		{F1816A4D-44D3-4627-84C6-119077E4EFAF}.Release|Any CPU.Build.0 = Release|Any CPU
	EndGlobalSection
	GlobalSection(SolutionProperties) = preSolution
		HideSolutionNode = FALSE
	EndGlobalSection
	GlobalSection(ExtensibilityGlobals) = postSolution
		SolutionGuid = {8D979B96-7837-4A6F-A370-059D7602FD4D}
	EndGlobalSection
EndGlobal
