
Microsoft Visual Studio Solution File, Format Version 12.00
# Visual Studio Version 17
VisualStudioVersion = 17.2.32616.157
MinimumVisualStudioVersion = 10.0.40219.1
Project("{FAE04EC0-301F-11D3-BF4B-00C04F79EFBC}") = "IntroEFCF2", "IntroEFCF2\IntroEFCF2.csproj", "{E6E0DA82-0995-4F1F-BB12-A6D4ABCB342B}"
EndProject
Global
	GlobalSection(SolutionConfigurationPlatforms) = preSolution
		Debug|Any CPU = Debug|Any CPU
		Release|Any CPU = Release|Any CPU
	EndGlobalSection
	GlobalSection(ProjectConfigurationPlatforms) = postSolution
		{E6E0DA82-0995-4F1F-BB12-A6D4ABCB342B}.Debug|Any CPU.ActiveCfg = Debug|Any CPU
		{E6E0DA82-0995-4F1F-BB12-A6D4ABCB342B}.Debug|Any CPU.Build.0 = Debug|Any CPU
		{E6E0DA82-0995-4F1F-BB12-A6D4ABCB342B}.Release|Any CPU.ActiveCfg = Release|Any CPU
		{E6E0DA82-0995-4F1F-BB12-A6D4ABCB342B}.Release|Any CPU.Build.0 = Release|Any CPU
	EndGlobalSection
	GlobalSection(SolutionProperties) = preSolution
		HideSolutionNode = FALSE
	EndGlobalSection
	GlobalSection(ExtensibilityGlobals) = postSolution
		SolutionGuid = {F254CFFB-F3FF-4006-B126-CC34FCDF3834}
	EndGlobalSection
EndGlobal
