
Microsoft Visual Studio Solution File, Format Version 12.00
# Visual Studio Version 17
VisualStudioVersion = 17.2.32616.157
MinimumVisualStudioVersion = 10.0.40219.1
Project("{FAE04EC0-301F-11D3-BF4B-00C04F79EFBC}") = "PMSTier", "PMSTier\PMSTier.csproj", "{BDD054A4-5BA9-4963-BCF2-30D5C8C2700E}"
EndProject
Project("{FAE04EC0-301F-11D3-BF4B-00C04F79EFBC}") = "BLL", "BLL\BLL.csproj", "{D30A9C26-F50F-4E0F-846D-EC8F58ECD1A0}"
EndProject
Project("{FAE04EC0-301F-11D3-BF4B-00C04F79EFBC}") = "DAL", "DAL\DAL.csproj", "{9F407E65-CAB3-4DFC-83DA-FDA7F6BADE88}"
EndProject
Global
	GlobalSection(SolutionConfigurationPlatforms) = preSolution
		Debug|Any CPU = Debug|Any CPU
		Release|Any CPU = Release|Any CPU
	EndGlobalSection
	GlobalSection(ProjectConfigurationPlatforms) = postSolution
		{BDD054A4-5BA9-4963-BCF2-30D5C8C2700E}.Debug|Any CPU.ActiveCfg = Debug|Any CPU
		{BDD054A4-5BA9-4963-BCF2-30D5C8C2700E}.Debug|Any CPU.Build.0 = Debug|Any CPU
		{BDD054A4-5BA9-4963-BCF2-30D5C8C2700E}.Release|Any CPU.ActiveCfg = Release|Any CPU
		{BDD054A4-5BA9-4963-BCF2-30D5C8C2700E}.Release|Any CPU.Build.0 = Release|Any CPU
		{D30A9C26-F50F-4E0F-846D-EC8F58ECD1A0}.Debug|Any CPU.ActiveCfg = Debug|Any CPU
		{D30A9C26-F50F-4E0F-846D-EC8F58ECD1A0}.Debug|Any CPU.Build.0 = Debug|Any CPU
		{D30A9C26-F50F-4E0F-846D-EC8F58ECD1A0}.Release|Any CPU.ActiveCfg = Release|Any CPU
		{D30A9C26-F50F-4E0F-846D-EC8F58ECD1A0}.Release|Any CPU.Build.0 = Release|Any CPU
		{9F407E65-CAB3-4DFC-83DA-FDA7F6BADE88}.Debug|Any CPU.ActiveCfg = Debug|Any CPU
		{9F407E65-CAB3-4DFC-83DA-FDA7F6BADE88}.Debug|Any CPU.Build.0 = Debug|Any CPU
		{9F407E65-CAB3-4DFC-83DA-FDA7F6BADE88}.Release|Any CPU.ActiveCfg = Release|Any CPU
		{9F407E65-CAB3-4DFC-83DA-FDA7F6BADE88}.Release|Any CPU.Build.0 = Release|Any CPU
	EndGlobalSection
	GlobalSection(SolutionProperties) = preSolution
		HideSolutionNode = FALSE
	EndGlobalSection
	GlobalSection(ExtensibilityGlobals) = postSolution
		SolutionGuid = {13C64EAD-D5B3-427D-A0B4-9C5E45E49CF4}
	EndGlobalSection
EndGlobal
