
Microsoft Visual Studio Solution File, Format Version 12.00
# Visual Studio Version 17
VisualStudioVersion = 17.2.32616.157
MinimumVisualStudioVersion = 10.0.40219.1
Project("{FAE04EC0-301F-11D3-BF4B-00C04F79EFBC}") = "IntroTierApp", "IntroTierApp\IntroTierApp.csproj", "{DBE3BF04-4919-46A0-89BD-0BF9B6E7EA1E}"
EndProject
Project("{FAE04EC0-301F-11D3-BF4B-00C04F79EFBC}") = "BLL", "BLL\BLL.csproj", "{D941FDDA-393C-4F2F-A003-12513D0FB5B7}"
EndProject
Project("{FAE04EC0-301F-11D3-BF4B-00C04F79EFBC}") = "DAL", "DAL\DAL.csproj", "{A4C91695-0A62-423D-9F40-851D9AE7328B}"
EndProject
Project("{FAE04EC0-301F-11D3-BF4B-00C04F79EFBC}") = "MVCApp", "MVCApp\MVCApp.csproj", "{6189DEB0-5F47-496F-B497-B2723264C94F}"
EndProject
Project("{FAE04EC0-301F-11D3-BF4B-00C04F79EFBC}") = "ConsoleApp", "ConsoleApp\ConsoleApp.csproj", "{66D3E401-72CF-477C-90ED-12376B6BE439}"
EndProject
Global
	GlobalSection(SolutionConfigurationPlatforms) = preSolution
		Debug|Any CPU = Debug|Any CPU
		Release|Any CPU = Release|Any CPU
	EndGlobalSection
	GlobalSection(ProjectConfigurationPlatforms) = postSolution
		{DBE3BF04-4919-46A0-89BD-0BF9B6E7EA1E}.Debug|Any CPU.ActiveCfg = Debug|Any CPU
		{DBE3BF04-4919-46A0-89BD-0BF9B6E7EA1E}.Debug|Any CPU.Build.0 = Debug|Any CPU
		{DBE3BF04-4919-46A0-89BD-0BF9B6E7EA1E}.Release|Any CPU.ActiveCfg = Release|Any CPU
		{DBE3BF04-4919-46A0-89BD-0BF9B6E7EA1E}.Release|Any CPU.Build.0 = Release|Any CPU
		{D941FDDA-393C-4F2F-A003-12513D0FB5B7}.Debug|Any CPU.ActiveCfg = Debug|Any CPU
		{D941FDDA-393C-4F2F-A003-12513D0FB5B7}.Debug|Any CPU.Build.0 = Debug|Any CPU
		{D941FDDA-393C-4F2F-A003-12513D0FB5B7}.Release|Any CPU.ActiveCfg = Release|Any CPU
		{D941FDDA-393C-4F2F-A003-12513D0FB5B7}.Release|Any CPU.Build.0 = Release|Any CPU
		{A4C91695-0A62-423D-9F40-851D9AE7328B}.Debug|Any CPU.ActiveCfg = Debug|Any CPU
		{A4C91695-0A62-423D-9F40-851D9AE7328B}.Debug|Any CPU.Build.0 = Debug|Any CPU
		{A4C91695-0A62-423D-9F40-851D9AE7328B}.Release|Any CPU.ActiveCfg = Release|Any CPU
		{A4C91695-0A62-423D-9F40-851D9AE7328B}.Release|Any CPU.Build.0 = Release|Any CPU
		{6189DEB0-5F47-496F-B497-B2723264C94F}.Debug|Any CPU.ActiveCfg = Debug|Any CPU
		{6189DEB0-5F47-496F-B497-B2723264C94F}.Debug|Any CPU.Build.0 = Debug|Any CPU
		{6189DEB0-5F47-496F-B497-B2723264C94F}.Release|Any CPU.ActiveCfg = Release|Any CPU
		{6189DEB0-5F47-496F-B497-B2723264C94F}.Release|Any CPU.Build.0 = Release|Any CPU
		{66D3E401-72CF-477C-90ED-12376B6BE439}.Debug|Any CPU.ActiveCfg = Debug|Any CPU
		{66D3E401-72CF-477C-90ED-12376B6BE439}.Debug|Any CPU.Build.0 = Debug|Any CPU
		{66D3E401-72CF-477C-90ED-12376B6BE439}.Release|Any CPU.ActiveCfg = Release|Any CPU
		{66D3E401-72CF-477C-90ED-12376B6BE439}.Release|Any CPU.Build.0 = Release|Any CPU
	EndGlobalSection
	GlobalSection(SolutionProperties) = preSolution
		HideSolutionNode = FALSE
	EndGlobalSection
	GlobalSection(ExtensibilityGlobals) = postSolution
		SolutionGuid = {BA9A3970-992C-499C-BC31-35B2E65450FF}
	EndGlobalSection
EndGlobal
